// !$*UTF8*$!
{
	archiveVersion = 1;
	classes = {
	};
	objectVersion = 46;
	objects = {

/* Begin PBXBuildFile section */
		6903D1D01DE5D74700956F15 /* ViewStyle.swift in Sources */ = {isa = PBXBuildFile; fileRef = 6903D1CA1DE5D74700956F15 /* ViewStyle.swift */; };
		6903D1D11DE5D74700956F15 /* ViewStyleAttribute.swift in Sources */ = {isa = PBXBuildFile; fileRef = 6903D1CB1DE5D74700956F15 /* ViewStyleAttribute.swift */; };
		6903D1D21DE5D74700956F15 /* ViewStyleBuilder.swift in Sources */ = {isa = PBXBuildFile; fileRef = 6903D1CC1DE5D74700956F15 /* ViewStyleBuilder.swift */; };
		6903D1D31DE5D74700956F15 /* ViewStyleManager.swift in Sources */ = {isa = PBXBuildFile; fileRef = 6903D1CD1DE5D74700956F15 /* ViewStyleManager.swift */; };
		6903D1D41DE5D74700956F15 /* UIViewExtensionStyleKit.swift in Sources */ = {isa = PBXBuildFile; fileRef = 6903D1CF1DE5D74700956F15 /* UIViewExtensionStyleKit.swift */; };
		69DCD4ED1DE580E3004E1DC2 /* AppDelegate.swift in Sources */ = {isa = PBXBuildFile; fileRef = 69DCD4EC1DE580E3004E1DC2 /* AppDelegate.swift */; };
		69DCD4F41DE580E3004E1DC2 /* Assets.xcassets in Resources */ = {isa = PBXBuildFile; fileRef = 69DCD4F31DE580E3004E1DC2 /* Assets.xcassets */; };
		69DCD4F71DE580E3004E1DC2 /* LaunchScreen.storyboard in Resources */ = {isa = PBXBuildFile; fileRef = 69DCD4F51DE580E3004E1DC2 /* LaunchScreen.storyboard */; };
		69DCD5021DE58144004E1DC2 /* MainViewController.swift in Sources */ = {isa = PBXBuildFile; fileRef = 69DCD5001DE58144004E1DC2 /* MainViewController.swift */; };
		69DCD5031DE58144004E1DC2 /* MainViewController.xib in Resources */ = {isa = PBXBuildFile; fileRef = 69DCD5011DE58144004E1DC2 /* MainViewController.xib */; };
		69DCD5101DE58759004E1DC2 /* StyleStorage.swift in Sources */ = {isa = PBXBuildFile; fileRef = 69DCD50F1DE58759004E1DC2 /* StyleStorage.swift */; };
/* End PBXBuildFile section */

/* Begin PBXFileReference section */
		6903D1CA1DE5D74700956F15 /* ViewStyle.swift */ = {isa = PBXFileReference; fileEncoding = 4; lastKnownFileType = sourcecode.swift; path = ViewStyle.swift; sourceTree = "<group>"; };
		6903D1CB1DE5D74700956F15 /* ViewStyleAttribute.swift */ = {isa = PBXFileReference; fileEncoding = 4; lastKnownFileType = sourcecode.swift; path = ViewStyleAttribute.swift; sourceTree = "<group>"; };
		6903D1CC1DE5D74700956F15 /* ViewStyleBuilder.swift */ = {isa = PBXFileReference; fileEncoding = 4; lastKnownFileType = sourcecode.swift; path = ViewStyleBuilder.swift; sourceTree = "<group>"; };
		6903D1CD1DE5D74700956F15 /* ViewStyleManager.swift */ = {isa = PBXFileReference; fileEncoding = 4; lastKnownFileType = sourcecode.swift; path = ViewStyleManager.swift; sourceTree = "<group>"; };
		6903D1CF1DE5D74700956F15 /* UIViewExtensionStyleKit.swift */ = {isa = PBXFileReference; fileEncoding = 4; lastKnownFileType = sourcecode.swift; path = UIViewExtensionStyleKit.swift; sourceTree = "<group>"; };
		69DCD4E91DE580E3004E1DC2 /* StyleKitDemo.app */ = {isa = PBXFileReference; explicitFileType = wrapper.application; includeInIndex = 0; path = StyleKitDemo.app; sourceTree = BUILT_PRODUCTS_DIR; };
		69DCD4EC1DE580E3004E1DC2 /* AppDelegate.swift */ = {isa = PBXFileReference; lastKnownFileType = sourcecode.swift; path = AppDelegate.swift; sourceTree = "<group>"; };
		69DCD4F31DE580E3004E1DC2 /* Assets.xcassets */ = {isa = PBXFileReference; lastKnownFileType = folder.assetcatalog; path = Assets.xcassets; sourceTree = "<group>"; };
		69DCD4F61DE580E3004E1DC2 /* Base */ = {isa = PBXFileReference; lastKnownFileType = file.storyboard; name = Base; path = Base.lproj/LaunchScreen.storyboard; sourceTree = "<group>"; };
		69DCD4F81DE580E3004E1DC2 /* Info.plist */ = {isa = PBXFileReference; lastKnownFileType = text.plist.xml; path = Info.plist; sourceTree = "<group>"; };
		69DCD5001DE58144004E1DC2 /* MainViewController.swift */ = {isa = PBXFileReference; fileEncoding = 4; lastKnownFileType = sourcecode.swift; path = MainViewController.swift; sourceTree = "<group>"; };
		69DCD5011DE58144004E1DC2 /* MainViewController.xib */ = {isa = PBXFileReference; fileEncoding = 4; lastKnownFileType = file.xib; path = MainViewController.xib; sourceTree = "<group>"; };
		69DCD50F1DE58759004E1DC2 /* StyleStorage.swift */ = {isa = PBXFileReference; fileEncoding = 4; lastKnownFileType = sourcecode.swift; path = StyleStorage.swift; sourceTree = "<group>"; };
/* End PBXFileReference section */

/* Begin PBXFrameworksBuildPhase section */
		69DCD4E61DE580E3004E1DC2 /* Frameworks */ = {
			isa = PBXFrameworksBuildPhase;
			buildActionMask = 2147483647;
			files = (
			);
			runOnlyForDeploymentPostprocessing = 0;
		};
/* End PBXFrameworksBuildPhase section */

/* Begin PBXGroup section */
		6903D1C81DE5D74700956F15 /* StyleKit */ = {
			isa = PBXGroup;
			children = (
				6903D1C91DE5D74700956F15 /* Engine */,
				6903D1CE1DE5D74700956F15 /* Extensions */,
			);
			name = StyleKit;
			path = ../../../../StyleKit;
			sourceTree = "<group>";
		};
		6903D1C91DE5D74700956F15 /* Engine */ = {
			isa = PBXGroup;
			children = (
				6903D1CA1DE5D74700956F15 /* ViewStyle.swift */,
				6903D1CB1DE5D74700956F15 /* ViewStyleAttribute.swift */,
				6903D1CC1DE5D74700956F15 /* ViewStyleBuilder.swift */,
				6903D1CD1DE5D74700956F15 /* ViewStyleManager.swift */,
			);
			path = Engine;
			sourceTree = "<group>";
		};
		6903D1CE1DE5D74700956F15 /* Extensions */ = {
			isa = PBXGroup;
			children = (
				6903D1CF1DE5D74700956F15 /* UIViewExtensionStyleKit.swift */,
			);
			path = Extensions;
			sourceTree = "<group>";
		};
		69DCD4E01DE580E3004E1DC2 = {
			isa = PBXGroup;
			children = (
				69DCD4EB1DE580E3004E1DC2 /* StyleKitDemo */,
				69DCD4EA1DE580E3004E1DC2 /* Products */,
			);
			sourceTree = "<group>";
		};
		69DCD4EA1DE580E3004E1DC2 /* Products */ = {
			isa = PBXGroup;
			children = (
				69DCD4E91DE580E3004E1DC2 /* StyleKitDemo.app */,
			);
			name = Products;
			sourceTree = "<group>";
		};
		69DCD4EB1DE580E3004E1DC2 /* StyleKitDemo */ = {
			isa = PBXGroup;
			children = (
				69DCD50E1DE58748004E1DC2 /* Styles */,
				69DCD4FE1DE58138004E1DC2 /* ViewControllers */,
				69DCD5041DE581E9004E1DC2 /* Libraries */,
				69DCD4EC1DE580E3004E1DC2 /* AppDelegate.swift */,
				69DCD4F31DE580E3004E1DC2 /* Assets.xcassets */,
				69DCD4F51DE580E3004E1DC2 /* LaunchScreen.storyboard */,
				69DCD4F81DE580E3004E1DC2 /* Info.plist */,
			);
			path = StyleKitDemo;
			sourceTree = "<group>";
		};
		69DCD4FE1DE58138004E1DC2 /* ViewControllers */ = {
			isa = PBXGroup;
			children = (
				69DCD4FF1DE58138004E1DC2 /* Main */,
			);
			path = ViewControllers;
			sourceTree = "<group>";
		};
		69DCD4FF1DE58138004E1DC2 /* Main */ = {
			isa = PBXGroup;
			children = (
				69DCD5001DE58144004E1DC2 /* MainViewController.swift */,
				69DCD5011DE58144004E1DC2 /* MainViewController.xib */,
			);
			path = Main;
			sourceTree = "<group>";
		};
		69DCD5041DE581E9004E1DC2 /* Libraries */ = {
			isa = PBXGroup;
			children = (
				6903D1C81DE5D74700956F15 /* StyleKit */,
			);
			path = Libraries;
			sourceTree = "<group>";
		};
		69DCD50E1DE58748004E1DC2 /* Styles */ = {
			isa = PBXGroup;
			children = (
				69DCD50F1DE58759004E1DC2 /* StyleStorage.swift */,
			);
			path = Styles;
			sourceTree = "<group>";
		};
/* End PBXGroup section */

/* Begin PBXNativeTarget section */
		69DCD4E81DE580E3004E1DC2 /* StyleKitDemo */ = {
			isa = PBXNativeTarget;
			buildConfigurationList = 69DCD4FB1DE580E3004E1DC2 /* Build configuration list for PBXNativeTarget "StyleKitDemo" */;
			buildPhases = (
				69DCD4E51DE580E3004E1DC2 /* Sources */,
				69DCD4E61DE580E3004E1DC2 /* Frameworks */,
				69DCD4E71DE580E3004E1DC2 /* Resources */,
			);
			buildRules = (
			);
			dependencies = (
			);
			name = StyleKitDemo;
			productName = StyleKitDemo;
			productReference = 69DCD4E91DE580E3004E1DC2 /* StyleKitDemo.app */;
			productType = "com.apple.product-type.application";
		};
/* End PBXNativeTarget section */

/* Begin PBXProject section */
		69DCD4E11DE580E3004E1DC2 /* Project object */ = {
			isa = PBXProject;
			attributes = {
				LastSwiftUpdateCheck = 0810;
				LastUpgradeCheck = 0810;
				ORGANIZATIONNAME = Visuality;
				TargetAttributes = {
					69DCD4E81DE580E3004E1DC2 = {
						CreatedOnToolsVersion = 8.1;
						DevelopmentTeam = AFEG59EG8E;
						ProvisioningStyle = Automatic;
					};
				};
			};
			buildConfigurationList = 69DCD4E41DE580E3004E1DC2 /* Build configuration list for PBXProject "StyleKitDemo" */;
			compatibilityVersion = "Xcode 3.2";
			developmentRegion = English;
			hasScannedForEncodings = 0;
			knownRegions = (
				en,
				Base,
			);
			mainGroup = 69DCD4E01DE580E3004E1DC2;
			productRefGroup = 69DCD4EA1DE580E3004E1DC2 /* Products */;
			projectDirPath = "";
			projectRoot = "";
			targets = (
				69DCD4E81DE580E3004E1DC2 /* StyleKitDemo */,
			);
		};
/* End PBXProject section */

/* Begin PBXResourcesBuildPhase section */
		69DCD4E71DE580E3004E1DC2 /* Resources */ = {
			isa = PBXResourcesBuildPhase;
			buildActionMask = 2147483647;
			files = (
				69DCD4F71DE580E3004E1DC2 /* LaunchScreen.storyboard in Resources */,
				69DCD5031DE58144004E1DC2 /* MainViewController.xib in Resources */,
				69DCD4F41DE580E3004E1DC2 /* Assets.xcassets in Resources */,
			);
			runOnlyForDeploymentPostprocessing = 0;
		};
/* End PBXResourcesBuildPhase section */

/* Begin PBXSourcesBuildPhase section */
		69DCD4E51DE580E3004E1DC2 /* Sources */ = {
			isa = PBXSourcesBuildPhase;
			buildActionMask = 2147483647;
			files = (
				69DCD5101DE58759004E1DC2 /* StyleStorage.swift in Sources */,
				6903D1D11DE5D74700956F15 /* ViewStyleAttribute.swift in Sources */,
				69DCD4ED1DE580E3004E1DC2 /* AppDelegate.swift in Sources */,
				6903D1D21DE5D74700956F15 /* ViewStyleBuilder.swift in Sources */,
				69DCD5021DE58144004E1DC2 /* MainViewController.swift in Sources */,
				6903D1D01DE5D74700956F15 /* ViewStyle.swift in Sources */,
				6903D1D31DE5D74700956F15 /* ViewStyleManager.swift in Sources */,
				6903D1D41DE5D74700956F15 /* UIViewExtensionStyleKit.swift in Sources */,
			);
			runOnlyForDeploymentPostprocessing = 0;
		};
/* End PBXSourcesBuildPhase section */

/* Begin PBXVariantGroup section */
		69DCD4F51DE580E3004E1DC2 /* LaunchScreen.storyboard */ = {
			isa = PBXVariantGroup;
			children = (
				69DCD4F61DE580E3004E1DC2 /* Base */,
			);
			name = LaunchScreen.storyboard;
			sourceTree = "<group>";
		};
/* End PBXVariantGroup section */

/* Begin XCBuildConfiguration section */
		69DCD4F91DE580E3004E1DC2 /* Debug */ = {
			isa = XCBuildConfiguration;
			buildSettings = {
				ALWAYS_SEARCH_USER_PATHS = NO;
				CLANG_ANALYZER_NONNULL = YES;
				CLANG_CXX_LANGUAGE_STANDARD = "gnu++0x";
				CLANG_CXX_LIBRARY = "libc++";
				CLANG_ENABLE_MODULES = YES;
				CLANG_ENABLE_OBJC_ARC = YES;
				CLANG_WARN_BOOL_CONVERSION = YES;
				CLANG_WARN_CONSTANT_CONVERSION = YES;
				CLANG_WARN_DIRECT_OBJC_ISA_USAGE = YES_ERROR;
				CLANG_WARN_DOCUMENTATION_COMMENTS = YES;
				CLANG_WARN_EMPTY_BODY = YES;
				CLANG_WARN_ENUM_CONVERSION = YES;
				CLANG_WARN_INFINITE_RECURSION = YES;
				CLANG_WARN_INT_CONVERSION = YES;
				CLANG_WARN_OBJC_ROOT_CLASS = YES_ERROR;
				CLANG_WARN_SUSPICIOUS_MOVES = YES;
				CLANG_WARN_UNREACHABLE_CODE = YES;
				CLANG_WARN__DUPLICATE_METHOD_MATCH = YES;
				"CODE_SIGN_IDENTITY[sdk=iphoneos*]" = "iPhone Developer";
				COPY_PHASE_STRIP = NO;
				DEBUG_INFORMATION_FORMAT = dwarf;
				ENABLE_STRICT_OBJC_MSGSEND = YES;
				ENABLE_TESTABILITY = YES;
				GCC_C_LANGUAGE_STANDARD = gnu99;
				GCC_DYNAMIC_NO_PIC = NO;
				GCC_NO_COMMON_BLOCKS = YES;
				GCC_OPTIMIZATION_LEVEL = 0;
				GCC_PREPROCESSOR_DEFINITIONS = (
					"DEBUG=1",
					"$(inherited)",
				);
				GCC_WARN_64_TO_32_BIT_CONVERSION = YES;
				GCC_WARN_ABOUT_RETURN_TYPE = YES_ERROR;
				GCC_WARN_UNDECLARED_SELECTOR = YES;
				GCC_WARN_UNINITIALIZED_AUTOS = YES_AGGRESSIVE;
				GCC_WARN_UNUSED_FUNCTION = YES;
				GCC_WARN_UNUSED_VARIABLE = YES;
				IPHONEOS_DEPLOYMENT_TARGET = 10.1;
				MTL_ENABLE_DEBUG_INFO = YES;
				ONLY_ACTIVE_ARCH = YES;
				SDKROOT = iphoneos;
				SWIFT_ACTIVE_COMPILATION_CONDITIONS = DEBUG;
				SWIFT_OPTIMIZATION_LEVEL = "-Onone";
				TARGETED_DEVICE_FAMILY = "1,2";
			};
			name = Debug;
		};
		69DCD4FA1DE580E3004E1DC2 /* Release */ = {
			isa = XCBuildConfiguration;
			buildSettings = {
				ALWAYS_SEARCH_USER_PATHS = NO;
				CLANG_ANALYZER_NONNULL = YES;
				CLANG_CXX_LANGUAGE_STANDARD = "gnu++0x";
				CLANG_CXX_LIBRARY = "libc++";
				CLANG_ENABLE_MODULES = YES;
				CLANG_ENABLE_OBJC_ARC = YES;
				CLANG_WARN_BOOL_CONVERSION = YES;
				CLANG_WARN_CONSTANT_CONVERSION = YES;
				CLANG_WARN_DIRECT_OBJC_ISA_USAGE = YES_ERROR;
				CLANG_WARN_DOCUMENTATION_COMMENTS = YES;
				CLANG_WARN_EMPTY_BODY = YES;
				CLANG_WARN_ENUM_CONVERSION = YES;
				CLANG_WARN_INFINITE_RECURSION = YES;
				CLANG_WARN_INT_CONVERSION = YES;
				CLANG_WARN_OBJC_ROOT_CLASS = YES_ERROR;
				CLANG_WARN_SUSPICIOUS_MOVES = YES;
				CLANG_WARN_UNREACHABLE_CODE = YES;
				CLANG_WARN__DUPLICATE_METHOD_MATCH = YES;
				"CODE_SIGN_IDENTITY[sdk=iphoneos*]" = "iPhone Developer";
				COPY_PHASE_STRIP = NO;
				DEBUG_INFORMATION_FORMAT = "dwarf-with-dsym";
				ENABLE_NS_ASSERTIONS = NO;
				ENABLE_STRICT_OBJC_MSGSEND = YES;
				GCC_C_LANGUAGE_STANDARD = gnu99;
				GCC_NO_COMMON_BLOCKS = YES;
				GCC_WARN_64_TO_32_BIT_CONVERSION = YES;
				GCC_WARN_ABOUT_RETURN_TYPE = YES_ERROR;
				GCC_WARN_UNDECLARED_SELECTOR = YES;
				GCC_WARN_UNINITIALIZED_AUTOS = YES_AGGRESSIVE;
				GCC_WARN_UNUSED_FUNCTION = YES;
				GCC_WARN_UNUSED_VARIABLE = YES;
				IPHONEOS_DEPLOYMENT_TARGET = 10.1;
				MTL_ENABLE_DEBUG_INFO = NO;
				SDKROOT = iphoneos;
				SWIFT_OPTIMIZATION_LEVEL = "-Owholemodule";
				TARGETED_DEVICE_FAMILY = "1,2";
				VALIDATE_PRODUCT = YES;
			};
			name = Release;
		};
		69DCD4FC1DE580E3004E1DC2 /* Debug */ = {
			isa = XCBuildConfiguration;
			buildSettings = {
				ASSETCATALOG_COMPILER_APPICON_NAME = AppIcon;
				DEVELOPMENT_TEAM = AFEG59EG8E;
				INFOPLIST_FILE = StyleKitDemo/Info.plist;
				IPHONEOS_DEPLOYMENT_TARGET = 9.0;
				LD_RUNPATH_SEARCH_PATHS = "$(inherited) @executable_path/Frameworks";
				PRODUCT_BUNDLE_IDENTIFIER = com.visuality.StyleKitDemo;
				PRODUCT_NAME = "$(TARGET_NAME)";
				SWIFT_VERSION = 3.0;
				TARGETED_DEVICE_FAMILY = 1;
			};
			name = Debug;
		};
		69DCD4FD1DE580E3004E1DC2 /* Release */ = {
			isa = XCBuildConfiguration;
			buildSettings = {
				ASSETCATALOG_COMPILER_APPICON_NAME = AppIcon;
				DEVELOPMENT_TEAM = AFEG59EG8E;
				INFOPLIST_FILE = StyleKitDemo/Info.plist;
				IPHONEOS_DEPLOYMENT_TARGET = 9.0;
				LD_RUNPATH_SEARCH_PATHS = "$(inherited) @executable_path/Frameworks";
				PRODUCT_BUNDLE_IDENTIFIER = com.visuality.StyleKitDemo;
				PRODUCT_NAME = "$(TARGET_NAME)";
				SWIFT_VERSION = 3.0;
				TARGETED_DEVICE_FAMILY = 1;
			};
			name = Release;
		};
/* End XCBuildConfiguration section */

/* Begin XCConfigurationList section */
		69DCD4E41DE580E3004E1DC2 /* Build configuration list for PBXProject "StyleKitDemo" */ = {
			isa = XCConfigurationList;
			buildConfigurations = (
				69DCD4F91DE580E3004E1DC2 /* Debug */,
				69DCD4FA1DE580E3004E1DC2 /* Release */,
			);
			defaultConfigurationIsVisible = 0;
			defaultConfigurationName = Release;
		};
		69DCD4FB1DE580E3004E1DC2 /* Build configuration list for PBXNativeTarget "StyleKitDemo" */ = {
			isa = XCConfigurationList;
			buildConfigurations = (
				69DCD4FC1DE580E3004E1DC2 /* Debug */,
				69DCD4FD1DE580E3004E1DC2 /* Release */,
			);
			defaultConfigurationIsVisible = 0;
			defaultConfigurationName = Release;
		};
/* End XCConfigurationList section */
	};
	rootObject = 69DCD4E11DE580E3004E1DC2 /* Project object */;
}
